
Microsoft Visual Studio Solution File, Format Version 11.00
# Visual Studio 2010
# SharpDevelop 4.0.0.7070
Project("{FAE04EC0-301F-11D3-BF4B-00C04F79EFBC}") = "MacroCSharpSamples", "MacroCSharpSamples\MacroCSharpSamples.csproj", "{3BC65AFE-3B42-4BDB-933C-5057976B03B2}"
EndProject
Global
	GlobalSection(SolutionConfigurationPlatforms) = preSolution
		Debug|Any CPU = Debug|Any CPU
		Release|Any CPU = Release|Any CPU
	EndGlobalSection
	GlobalSection(ProjectConfigurationPlatforms) = postSolution
		{3BC65AFE-3B42-4BDB-933C-5057976B03B2}.Debug|Any CPU.Build.0 = Debug|Any CPU
		{3BC65AFE-3B42-4BDB-933C-5057976B03B2}.Debug|Any CPU.ActiveCfg = Debug|Any CPU
		{3BC65AFE-3B42-4BDB-933C-5057976B03B2}.Release|Any CPU.Build.0 = Release|Any CPU
		{3BC65AFE-3B42-4BDB-933C-5057976B03B2}.Release|Any CPU.ActiveCfg = Release|Any CPU
	EndGlobalSection
EndGlobal
